
Microsoft Visual Studio Solution File, Format Version 12.00
# Visual Studio Version 17
VisualStudioVersion = 17.14.36414.22 d17.14
MinimumVisualStudioVersion = 10.0.40219.1
Project("{FAE04EC0-301F-11D3-BF4B-00C04F79EFBC}") = "ReportMail", "ReportMail\ReportMail.csproj", "{3603EEC5-0AF3-4008-8FF8-BD263CD54C2A}"
EndProject
Global
	GlobalSection(SolutionConfigurationPlatforms) = preSolution
		Debug|Any CPU = Debug|Any CPU
		Release|Any CPU = Release|Any CPU
	EndGlobalSection
	GlobalSection(ProjectConfigurationPlatforms) = postSolution
		{3603EEC5-0AF3-4008-8FF8-BD263CD54C2A}.Debug|Any CPU.ActiveCfg = Debug|Any CPU
		{3603EEC5-0AF3-4008-8FF8-BD263CD54C2A}.Debug|Any CPU.Build.0 = Debug|Any CPU
		{3603EEC5-0AF3-4008-8FF8-BD263CD54C2A}.Release|Any CPU.ActiveCfg = Release|Any CPU
		{3603EEC5-0AF3-4008-8FF8-BD263CD54C2A}.Release|Any CPU.Build.0 = Release|Any CPU
	EndGlobalSection
	GlobalSection(SolutionProperties) = preSolution
		HideSolutionNode = FALSE
	EndGlobalSection
	GlobalSection(ExtensibilityGlobals) = postSolution
		SolutionGuid = {FFF28C48-5E74-4CD2-A4BD-3152169DC9D3}
	EndGlobalSection
EndGlobal
